
Microsoft Visual Studio Solution File, Format Version 12.00
# Visual Studio Version 17
VisualStudioVersion = 17.4.33213.308
MinimumVisualStudioVersion = 10.0.40219.1
Project("{FAE04EC0-301F-11D3-BF4B-00C04F79EFBC}") = "UML_To_Code", "UML_To_Code.csproj", "{23EF4614-B764-4DC5-A4AA-612EABBBB4BC}"
EndProject
Global
	GlobalSection(SolutionConfigurationPlatforms) = preSolution
		Debug|Any CPU = Debug|Any CPU
		Release|Any CPU = Release|Any CPU
	EndGlobalSection
	GlobalSection(ProjectConfigurationPlatforms) = postSolution
		{23EF4614-B764-4DC5-A4AA-612EABBBB4BC}.Debug|Any CPU.ActiveCfg = Debug|Any CPU
		{23EF4614-B764-4DC5-A4AA-612EABBBB4BC}.Debug|Any CPU.Build.0 = Debug|Any CPU
		{23EF4614-B764-4DC5-A4AA-612EABBBB4BC}.Release|Any CPU.ActiveCfg = Release|Any CPU
		{23EF4614-B764-4DC5-A4AA-612EABBBB4BC}.Release|Any CPU.Build.0 = Release|Any CPU
	EndGlobalSection
	GlobalSection(SolutionProperties) = preSolution
		HideSolutionNode = FALSE
	EndGlobalSection
	GlobalSection(ExtensibilityGlobals) = postSolution
		SolutionGuid = {0314F443-657B-4700-B1F7-F9B47A4DB0DA}
	EndGlobalSection
EndGlobal
